
Microsoft Visual Studio Solution File, Format Version 12.00
# Visual Studio Version 16
VisualStudioVersion = 16.0.30717.126
MinimumVisualStudioVersion = 10.0.40219.1
Project("{9A19103F-16F7-4668-BE54-9A1E7A4F7556}") = "DataAccess", "DataAccess\DataAccess.csproj", "{0FDF6349-EFD4-4915-B7D9-AD4A938D0B38}"
EndProject
Project("{9A19103F-16F7-4668-BE54-9A1E7A4F7556}") = "Business", "Business\Business.csproj", "{453B2A03-7F25-486A-B9CF-7F7AEFFC6549}"
EndProject
Project("{9A19103F-16F7-4668-BE54-9A1E7A4F7556}") = "Entities", "Entities\Entities.csproj", "{0534A52A-999C-46C5-BF83-D3AAA451CFE6}"
EndProject
Project("{9A19103F-16F7-4668-BE54-9A1E7A4F7556}") = "ConsoleUI", "ConsoleUI\ConsoleUI.csproj", "{98C33A2C-803F-4A12-9F38-A05B743615DE}"
EndProject
Project("{FAE04EC0-301F-11D3-BF4B-00C04F79EFBC}") = "Core", "Core\Core.csproj", "{414BF97A-C605-49B1-BE77-36C49376701C}"
EndProject
Global
	GlobalSection(SolutionConfigurationPlatforms) = preSolution
		Debug|Any CPU = Debug|Any CPU
		Release|Any CPU = Release|Any CPU
	EndGlobalSection
	GlobalSection(ProjectConfigurationPlatforms) = postSolution
		{0FDF6349-EFD4-4915-B7D9-AD4A938D0B38}.Debug|Any CPU.ActiveCfg = Debug|Any CPU
		{0FDF6349-EFD4-4915-B7D9-AD4A938D0B38}.Debug|Any CPU.Build.0 = Debug|Any CPU
		{0FDF6349-EFD4-4915-B7D9-AD4A938D0B38}.Release|Any CPU.ActiveCfg = Release|Any CPU
		{0FDF6349-EFD4-4915-B7D9-AD4A938D0B38}.Release|Any CPU.Build.0 = Release|Any CPU
		{453B2A03-7F25-486A-B9CF-7F7AEFFC6549}.Debug|Any CPU.ActiveCfg = Debug|Any CPU
		{453B2A03-7F25-486A-B9CF-7F7AEFFC6549}.Debug|Any CPU.Build.0 = Debug|Any CPU
		{453B2A03-7F25-486A-B9CF-7F7AEFFC6549}.Release|Any CPU.ActiveCfg = Release|Any CPU
		{453B2A03-7F25-486A-B9CF-7F7AEFFC6549}.Release|Any CPU.Build.0 = Release|Any CPU
		{0534A52A-999C-46C5-BF83-D3AAA451CFE6}.Debug|Any CPU.ActiveCfg = Debug|Any CPU
		{0534A52A-999C-46C5-BF83-D3AAA451CFE6}.Debug|Any CPU.Build.0 = Debug|Any CPU
		{0534A52A-999C-46C5-BF83-D3AAA451CFE6}.Release|Any CPU.ActiveCfg = Release|Any CPU
		{0534A52A-999C-46C5-BF83-D3AAA451CFE6}.Release|Any CPU.Build.0 = Release|Any CPU
		{98C33A2C-803F-4A12-9F38-A05B743615DE}.Debug|Any CPU.ActiveCfg = Debug|Any CPU
		{98C33A2C-803F-4A12-9F38-A05B743615DE}.Debug|Any CPU.Build.0 = Debug|Any CPU
		{98C33A2C-803F-4A12-9F38-A05B743615DE}.Release|Any CPU.ActiveCfg = Release|Any CPU
		{98C33A2C-803F-4A12-9F38-A05B743615DE}.Release|Any CPU.Build.0 = Release|Any CPU
		{414BF97A-C605-49B1-BE77-36C49376701C}.Debug|Any CPU.ActiveCfg = Debug|Any CPU
		{414BF97A-C605-49B1-BE77-36C49376701C}.Debug|Any CPU.Build.0 = Debug|Any CPU
		{414BF97A-C605-49B1-BE77-36C49376701C}.Release|Any CPU.ActiveCfg = Release|Any CPU
		{414BF97A-C605-49B1-BE77-36C49376701C}.Release|Any CPU.Build.0 = Release|Any CPU
	EndGlobalSection
	GlobalSection(SolutionProperties) = preSolution
		HideSolutionNode = FALSE
	EndGlobalSection
	GlobalSection(ExtensibilityGlobals) = postSolution
		SolutionGuid = {7BADDCEF-9897-4E2B-87F4-63CFA9C21030}
	EndGlobalSection
EndGlobal
